
Microsoft Visual Studio Solution File, Format Version 12.00
# Visual Studio Version 16
VisualStudioVersion = 16.0.30907.101
MinimumVisualStudioVersion = 10.0.40219.1
Project("{8BC9CEB8-8B4A-11D0-8D11-00A0C91BC942}") = "General_task", "General_task\General_task.vcxproj", "{E118D075-5583-4149-A8ED-B161E94F656A}"
EndProject
Project("{8BC9CEB8-8B4A-11D0-8D11-00A0C91BC942}") = "Task_1", "Task_1\Task_1.vcxproj", "{43A9D365-BC5B-426B-9E82-03D6149129A0}"
EndProject
Project("{8BC9CEB8-8B4A-11D0-8D11-00A0C91BC942}") = "Task_2", "Task_2\Task_2.vcxproj", "{10430B2D-996D-4CA3-A23F-548E9503EA99}"
EndProject
Project("{8BC9CEB8-8B4A-11D0-8D11-00A0C91BC942}") = "Task_3", "Task_3\Task_3.vcxproj", "{05864AEB-4CD1-4A62-8736-2543D5C71BA8}"
EndProject
Project("{8BC9CEB8-8B4A-11D0-8D11-00A0C91BC942}") = "Task_4", "Task_4\Task_4.vcxproj", "{A252DF49-26A8-4F85-B27E-C1363D3F4C2E}"
EndProject
Project("{8BC9CEB8-8B4A-11D0-8D11-00A0C91BC942}") = "Task_5", "Task_5\Task_5.vcxproj", "{60B51F28-7ACB-42DE-949F-7008570F8903}"
EndProject
Project("{8BC9CEB8-8B4A-11D0-8D11-00A0C91BC942}") = "Task_6", "Task_6\Task_6.vcxproj", "{5F20D1FA-0622-4897-86F4-A6053EE17494}"
EndProject
Project("{8BC9CEB8-8B4A-11D0-8D11-00A0C91BC942}") = "Task_7", "Task_7\Task_7.vcxproj", "{B33EB8CD-DE4C-40FF-BBA6-7128DB3FF57F}"
EndProject
Project("{8BC9CEB8-8B4A-11D0-8D11-00A0C91BC942}") = "Task_8", "Task_8\Task_8.vcxproj", "{42484BAE-0700-4AC2-B7BD-F002F670BC03}"
EndProject
Project("{8BC9CEB8-8B4A-11D0-8D11-00A0C91BC942}") = "Task_9", "Task_9\Task_9.vcxproj", "{91F39284-18A1-4A43-A0E9-2A92A50761C7}"
EndProject
Project("{8BC9CEB8-8B4A-11D0-8D11-00A0C91BC942}") = "Task_10", "Task_10\Task_10.vcxproj", "{544EDA92-456A-48FD-A41A-AB1BA307A138}"
EndProject
Project("{8BC9CEB8-8B4A-11D0-8D11-00A0C91BC942}") = "Task_11", "Task_11\Task_11.vcxproj", "{7949275D-0E7C-46BA-B3FF-298ED8030C60}"
EndProject
Project("{8BC9CEB8-8B4A-11D0-8D11-00A0C91BC942}") = "Task_12", "Task_12\Task_12.vcxproj", "{FF03DD53-68C0-4026-873F-7515BD950115}"
EndProject
Project("{8BC9CEB8-8B4A-11D0-8D11-00A0C91BC942}") = "Task_13", "Task_13\Task_13.vcxproj", "{55053C45-37D7-43E0-AB1B-231E54937236}"
EndProject
Project("{8BC9CEB8-8B4A-11D0-8D11-00A0C91BC942}") = "Task_14", "Task_14\Task_14.vcxproj", "{EC4E6690-E8F5-4ED6-BB97-ED34A4BC6882}"
EndProject
Project("{8BC9CEB8-8B4A-11D0-8D11-00A0C91BC942}") = "Task_15", "Task_15\Task_15.vcxproj", "{2609BAEA-A0CA-4F76-AA1D-EE30CAEDE960}"
EndProject
Global
	GlobalSection(SolutionConfigurationPlatforms) = preSolution
		Debug|x64 = Debug|x64
		Debug|x86 = Debug|x86
		Release|x64 = Release|x64
		Release|x86 = Release|x86
	EndGlobalSection
	GlobalSection(ProjectConfigurationPlatforms) = postSolution
		{E118D075-5583-4149-A8ED-B161E94F656A}.Debug|x64.ActiveCfg = Debug|x64
		{E118D075-5583-4149-A8ED-B161E94F656A}.Debug|x64.Build.0 = Debug|x64
		{E118D075-5583-4149-A8ED-B161E94F656A}.Debug|x86.ActiveCfg = Debug|Win32
		{E118D075-5583-4149-A8ED-B161E94F656A}.Debug|x86.Build.0 = Debug|Win32
		{E118D075-5583-4149-A8ED-B161E94F656A}.Release|x64.ActiveCfg = Release|x64
		{E118D075-5583-4149-A8ED-B161E94F656A}.Release|x64.Build.0 = Release|x64
		{E118D075-5583-4149-A8ED-B161E94F656A}.Release|x86.ActiveCfg = Release|Win32
		{E118D075-5583-4149-A8ED-B161E94F656A}.Release|x86.Build.0 = Release|Win32
		{43A9D365-BC5B-426B-9E82-03D6149129A0}.Debug|x64.ActiveCfg = Debug|x64
		{43A9D365-BC5B-426B-9E82-03D6149129A0}.Debug|x64.Build.0 = Debug|x64
		{43A9D365-BC5B-426B-9E82-03D6149129A0}.Debug|x86.ActiveCfg = Debug|Win32
		{43A9D365-BC5B-426B-9E82-03D6149129A0}.Debug|x86.Build.0 = Debug|Win32
		{43A9D365-BC5B-426B-9E82-03D6149129A0}.Release|x64.ActiveCfg = Release|x64
		{43A9D365-BC5B-426B-9E82-03D6149129A0}.Release|x64.Build.0 = Release|x64
		{43A9D365-BC5B-426B-9E82-03D6149129A0}.Release|x86.ActiveCfg = Release|Win32
		{43A9D365-BC5B-426B-9E82-03D6149129A0}.Release|x86.Build.0 = Release|Win32
		{10430B2D-996D-4CA3-A23F-548E9503EA99}.Debug|x64.ActiveCfg = Debug|x64
		{10430B2D-996D-4CA3-A23F-548E9503EA99}.Debug|x64.Build.0 = Debug|x64
		{10430B2D-996D-4CA3-A23F-548E9503EA99}.Debug|x86.ActiveCfg = Debug|Win32
		{10430B2D-996D-4CA3-A23F-548E9503EA99}.Debug|x86.Build.0 = Debug|Win32
		{10430B2D-996D-4CA3-A23F-548E9503EA99}.Release|x64.ActiveCfg = Release|x64
		{10430B2D-996D-4CA3-A23F-548E9503EA99}.Release|x64.Build.0 = Release|x64
		{10430B2D-996D-4CA3-A23F-548E9503EA99}.Release|x86.ActiveCfg = Release|Win32
		{10430B2D-996D-4CA3-A23F-548E9503EA99}.Release|x86.Build.0 = Release|Win32
		{05864AEB-4CD1-4A62-8736-2543D5C71BA8}.Debug|x64.ActiveCfg = Debug|x64
		{05864AEB-4CD1-4A62-8736-2543D5C71BA8}.Debug|x64.Build.0 = Debug|x64
		{05864AEB-4CD1-4A62-8736-2543D5C71BA8}.Debug|x86.ActiveCfg = Debug|Win32
		{05864AEB-4CD1-4A62-8736-2543D5C71BA8}.Debug|x86.Build.0 = Debug|Win32
		{05864AEB-4CD1-4A62-8736-2543D5C71BA8}.Release|x64.ActiveCfg = Release|x64
		{05864AEB-4CD1-4A62-8736-2543D5C71BA8}.Release|x64.Build.0 = Release|x64
		{05864AEB-4CD1-4A62-8736-2543D5C71BA8}.Release|x86.ActiveCfg = Release|Win32
		{05864AEB-4CD1-4A62-8736-2543D5C71BA8}.Release|x86.Build.0 = Release|Win32
		{A252DF49-26A8-4F85-B27E-C1363D3F4C2E}.Debug|x64.ActiveCfg = Debug|x64
		{A252DF49-26A8-4F85-B27E-C1363D3F4C2E}.Debug|x64.Build.0 = Debug|x64
		{A252DF49-26A8-4F85-B27E-C1363D3F4C2E}.Debug|x86.ActiveCfg = Debug|Win32
		{A252DF49-26A8-4F85-B27E-C1363D3F4C2E}.Debug|x86.Build.0 = Debug|Win32
		{A252DF49-26A8-4F85-B27E-C1363D3F4C2E}.Release|x64.ActiveCfg = Release|x64
		{A252DF49-26A8-4F85-B27E-C1363D3F4C2E}.Release|x64.Build.0 = Release|x64
		{A252DF49-26A8-4F85-B27E-C1363D3F4C2E}.Release|x86.ActiveCfg = Release|Win32
		{A252DF49-26A8-4F85-B27E-C1363D3F4C2E}.Release|x86.Build.0 = Release|Win32
		{60B51F28-7ACB-42DE-949F-7008570F8903}.Debug|x64.ActiveCfg = Debug|x64
		{60B51F28-7ACB-42DE-949F-7008570F8903}.Debug|x64.Build.0 = Debug|x64
		{60B51F28-7ACB-42DE-949F-7008570F8903}.Debug|x86.ActiveCfg = Debug|Win32
		{60B51F28-7ACB-42DE-949F-7008570F8903}.Debug|x86.Build.0 = Debug|Win32
		{60B51F28-7ACB-42DE-949F-7008570F8903}.Release|x64.ActiveCfg = Release|x64
		{60B51F28-7ACB-42DE-949F-7008570F8903}.Release|x64.Build.0 = Release|x64
		{60B51F28-7ACB-42DE-949F-7008570F8903}.Release|x86.ActiveCfg = Release|Win32
		{60B51F28-7ACB-42DE-949F-7008570F8903}.Release|x86.Build.0 = Release|Win32
		{5F20D1FA-0622-4897-86F4-A6053EE17494}.Debug|x64.ActiveCfg = Debug|x64
		{5F20D1FA-0622-4897-86F4-A6053EE17494}.Debug|x64.Build.0 = Debug|x64
		{5F20D1FA-0622-4897-86F4-A6053EE17494}.Debug|x86.ActiveCfg = Debug|Win32
		{5F20D1FA-0622-4897-86F4-A6053EE17494}.Debug|x86.Build.0 = Debug|Win32
		{5F20D1FA-0622-4897-86F4-A6053EE17494}.Release|x64.ActiveCfg = Release|x64
		{5F20D1FA-0622-4897-86F4-A6053EE17494}.Release|x64.Build.0 = Release|x64
		{5F20D1FA-0622-4897-86F4-A6053EE17494}.Release|x86.ActiveCfg = Release|Win32
		{5F20D1FA-0622-4897-86F4-A6053EE17494}.Release|x86.Build.0 = Release|Win32
		{B33EB8CD-DE4C-40FF-BBA6-7128DB3FF57F}.Debug|x64.ActiveCfg = Debug|x64
		{B33EB8CD-DE4C-40FF-BBA6-7128DB3FF57F}.Debug|x64.Build.0 = Debug|x64
		{B33EB8CD-DE4C-40FF-BBA6-7128DB3FF57F}.Debug|x86.ActiveCfg = Debug|Win32
		{B33EB8CD-DE4C-40FF-BBA6-7128DB3FF57F}.Debug|x86.Build.0 = Debug|Win32
		{B33EB8CD-DE4C-40FF-BBA6-7128DB3FF57F}.Release|x64.ActiveCfg = Release|x64
		{B33EB8CD-DE4C-40FF-BBA6-7128DB3FF57F}.Release|x64.Build.0 = Release|x64
		{B33EB8CD-DE4C-40FF-BBA6-7128DB3FF57F}.Release|x86.ActiveCfg = Release|Win32
		{B33EB8CD-DE4C-40FF-BBA6-7128DB3FF57F}.Release|x86.Build.0 = Release|Win32
		{42484BAE-0700-4AC2-B7BD-F002F670BC03}.Debug|x64.ActiveCfg = Debug|x64
		{42484BAE-0700-4AC2-B7BD-F002F670BC03}.Debug|x64.Build.0 = Debug|x64
		{42484BAE-0700-4AC2-B7BD-F002F670BC03}.Debug|x86.ActiveCfg = Debug|Win32
		{42484BAE-0700-4AC2-B7BD-F002F670BC03}.Debug|x86.Build.0 = Debug|Win32
		{42484BAE-0700-4AC2-B7BD-F002F670BC03}.Release|x64.ActiveCfg = Release|x64
		{42484BAE-0700-4AC2-B7BD-F002F670BC03}.Release|x64.Build.0 = Release|x64
		{42484BAE-0700-4AC2-B7BD-F002F670BC03}.Release|x86.ActiveCfg = Release|Win32
		{42484BAE-0700-4AC2-B7BD-F002F670BC03}.Release|x86.Build.0 = Release|Win32
		{91F39284-18A1-4A43-A0E9-2A92A50761C7}.Debug|x64.ActiveCfg = Debug|x64
		{91F39284-18A1-4A43-A0E9-2A92A50761C7}.Debug|x64.Build.0 = Debug|x64
		{91F39284-18A1-4A43-A0E9-2A92A50761C7}.Debug|x86.ActiveCfg = Debug|Win32
		{91F39284-18A1-4A43-A0E9-2A92A50761C7}.Debug|x86.Build.0 = Debug|Win32
		{91F39284-18A1-4A43-A0E9-2A92A50761C7}.Release|x64.ActiveCfg = Release|x64
		{91F39284-18A1-4A43-A0E9-2A92A50761C7}.Release|x64.Build.0 = Release|x64
		{91F39284-18A1-4A43-A0E9-2A92A50761C7}.Release|x86.ActiveCfg = Release|Win32
		{91F39284-18A1-4A43-A0E9-2A92A50761C7}.Release|x86.Build.0 = Release|Win32
		{544EDA92-456A-48FD-A41A-AB1BA307A138}.Debug|x64.ActiveCfg = Debug|x64
		{544EDA92-456A-48FD-A41A-AB1BA307A138}.Debug|x64.Build.0 = Debug|x64
		{544EDA92-456A-48FD-A41A-AB1BA307A138}.Debug|x86.ActiveCfg = Debug|Win32
		{544EDA92-456A-48FD-A41A-AB1BA307A138}.Debug|x86.Build.0 = Debug|Win32
		{544EDA92-456A-48FD-A41A-AB1BA307A138}.Release|x64.ActiveCfg = Release|x64
		{544EDA92-456A-48FD-A41A-AB1BA307A138}.Release|x64.Build.0 = Release|x64
		{544EDA92-456A-48FD-A41A-AB1BA307A138}.Release|x86.ActiveCfg = Release|Win32
		{544EDA92-456A-48FD-A41A-AB1BA307A138}.Release|x86.Build.0 = Release|Win32
		{7949275D-0E7C-46BA-B3FF-298ED8030C60}.Debug|x64.ActiveCfg = Debug|x64
		{7949275D-0E7C-46BA-B3FF-298ED8030C60}.Debug|x64.Build.0 = Debug|x64
		{7949275D-0E7C-46BA-B3FF-298ED8030C60}.Debug|x86.ActiveCfg = Debug|Win32
		{7949275D-0E7C-46BA-B3FF-298ED8030C60}.Debug|x86.Build.0 = Debug|Win32
		{7949275D-0E7C-46BA-B3FF-298ED8030C60}.Release|x64.ActiveCfg = Release|x64
		{7949275D-0E7C-46BA-B3FF-298ED8030C60}.Release|x64.Build.0 = Release|x64
		{7949275D-0E7C-46BA-B3FF-298ED8030C60}.Release|x86.ActiveCfg = Release|Win32
		{7949275D-0E7C-46BA-B3FF-298ED8030C60}.Release|x86.Build.0 = Release|Win32
		{FF03DD53-68C0-4026-873F-7515BD950115}.Debug|x64.ActiveCfg = Debug|x64
		{FF03DD53-68C0-4026-873F-7515BD950115}.Debug|x64.Build.0 = Debug|x64
		{FF03DD53-68C0-4026-873F-7515BD950115}.Debug|x86.ActiveCfg = Debug|Win32
		{FF03DD53-68C0-4026-873F-7515BD950115}.Debug|x86.Build.0 = Debug|Win32
		{FF03DD53-68C0-4026-873F-7515BD950115}.Release|x64.ActiveCfg = Release|x64
		{FF03DD53-68C0-4026-873F-7515BD950115}.Release|x64.Build.0 = Release|x64
		{FF03DD53-68C0-4026-873F-7515BD950115}.Release|x86.ActiveCfg = Release|Win32
		{FF03DD53-68C0-4026-873F-7515BD950115}.Release|x86.Build.0 = Release|Win32
		{55053C45-37D7-43E0-AB1B-231E54937236}.Debug|x64.ActiveCfg = Debug|x64
		{55053C45-37D7-43E0-AB1B-231E54937236}.Debug|x64.Build.0 = Debug|x64
		{55053C45-37D7-43E0-AB1B-231E54937236}.Debug|x86.ActiveCfg = Debug|Win32
		{55053C45-37D7-43E0-AB1B-231E54937236}.Debug|x86.Build.0 = Debug|Win32
		{55053C45-37D7-43E0-AB1B-231E54937236}.Release|x64.ActiveCfg = Release|x64
		{55053C45-37D7-43E0-AB1B-231E54937236}.Release|x64.Build.0 = Release|x64
		{55053C45-37D7-43E0-AB1B-231E54937236}.Release|x86.ActiveCfg = Release|Win32
		{55053C45-37D7-43E0-AB1B-231E54937236}.Release|x86.Build.0 = Release|Win32
		{EC4E6690-E8F5-4ED6-BB97-ED34A4BC6882}.Debug|x64.ActiveCfg = Debug|x64
		{EC4E6690-E8F5-4ED6-BB97-ED34A4BC6882}.Debug|x64.Build.0 = Debug|x64
		{EC4E6690-E8F5-4ED6-BB97-ED34A4BC6882}.Debug|x86.ActiveCfg = Debug|Win32
		{EC4E6690-E8F5-4ED6-BB97-ED34A4BC6882}.Debug|x86.Build.0 = Debug|Win32
		{EC4E6690-E8F5-4ED6-BB97-ED34A4BC6882}.Release|x64.ActiveCfg = Release|x64
		{EC4E6690-E8F5-4ED6-BB97-ED34A4BC6882}.Release|x64.Build.0 = Release|x64
		{EC4E6690-E8F5-4ED6-BB97-ED34A4BC6882}.Release|x86.ActiveCfg = Release|Win32
		{EC4E6690-E8F5-4ED6-BB97-ED34A4BC6882}.Release|x86.Build.0 = Release|Win32
		{2609BAEA-A0CA-4F76-AA1D-EE30CAEDE960}.Debug|x64.ActiveCfg = Debug|x64
		{2609BAEA-A0CA-4F76-AA1D-EE30CAEDE960}.Debug|x64.Build.0 = Debug|x64
		{2609BAEA-A0CA-4F76-AA1D-EE30CAEDE960}.Debug|x86.ActiveCfg = Debug|Win32
		{2609BAEA-A0CA-4F76-AA1D-EE30CAEDE960}.Debug|x86.Build.0 = Debug|Win32
		{2609BAEA-A0CA-4F76-AA1D-EE30CAEDE960}.Release|x64.ActiveCfg = Release|x64
		{2609BAEA-A0CA-4F76-AA1D-EE30CAEDE960}.Release|x64.Build.0 = Release|x64
		{2609BAEA-A0CA-4F76-AA1D-EE30CAEDE960}.Release|x86.ActiveCfg = Release|Win32
		{2609BAEA-A0CA-4F76-AA1D-EE30CAEDE960}.Release|x86.Build.0 = Release|Win32
	EndGlobalSection
	GlobalSection(SolutionProperties) = preSolution
		HideSolutionNode = FALSE
	EndGlobalSection
	GlobalSection(ExtensibilityGlobals) = postSolution
		SolutionGuid = {5EBCAF91-0FC0-4121-B6CF-3267E172DB56}
	EndGlobalSection
EndGlobal
